
Microsoft Visual Studio Solution File, Format Version 12.00
# Visual Studio Version 17
VisualStudioVersion = 17.4.33122.133
MinimumVisualStudioVersion = 10.0.40219.1
Project("{FAE04EC0-301F-11D3-BF4B-00C04F79EFBC}") = "dotNetEFCoreV3", "dotNetEFCoreV3\dotNetEFCoreV3.csproj", "{928A1CF2-374E-4E98-AE6E-98E20B83F8FE}"
EndProject
Global
	GlobalSection(SolutionConfigurationPlatforms) = preSolution
		Debug|Any CPU = Debug|Any CPU
		Release|Any CPU = Release|Any CPU
	EndGlobalSection
	GlobalSection(ProjectConfigurationPlatforms) = postSolution
		{928A1CF2-374E-4E98-AE6E-98E20B83F8FE}.Debug|Any CPU.ActiveCfg = Debug|Any CPU
		{928A1CF2-374E-4E98-AE6E-98E20B83F8FE}.Debug|Any CPU.Build.0 = Debug|Any CPU
		{928A1CF2-374E-4E98-AE6E-98E20B83F8FE}.Release|Any CPU.ActiveCfg = Release|Any CPU
		{928A1CF2-374E-4E98-AE6E-98E20B83F8FE}.Release|Any CPU.Build.0 = Release|Any CPU
	EndGlobalSection
	GlobalSection(SolutionProperties) = preSolution
		HideSolutionNode = FALSE
	EndGlobalSection
	GlobalSection(ExtensibilityGlobals) = postSolution
		SolutionGuid = {F3BFB96C-A997-49EA-AC72-A5C8CB954F56}
	EndGlobalSection
EndGlobal
